
Microsoft Visual Studio Solution File, Format Version 12.00
# Visual Studio 15
VisualStudioVersion = 15.0.27130.2027
MinimumVisualStudioVersion = 10.0.40219.1
Project("{FAE04EC0-301F-11D3-BF4B-00C04F79EFBC}") = "LunarWebShop", "LunarWebShop\LunarWebShop.csproj", "{CFEF70BB-1383-4B73-A58C-1907A8FDDD18}"
EndProject
Project("{FAE04EC0-301F-11D3-BF4B-00C04F79EFBC}") = "Logic", "Logic\Logic.csproj", "{5BCCA858-3184-47CC-86DF-F584FEB8B31B}"
EndProject
Project("{FAE04EC0-301F-11D3-BF4B-00C04F79EFBC}") = "DAL", "DAL\DAL.csproj", "{4FF5374A-AF56-4AC6-9A2C-FA3871CF99C2}"
EndProject
Project("{FAE04EC0-301F-11D3-BF4B-00C04F79EFBC}") = "Models", "Models\Models.csproj", "{144F167F-37A9-4FF1-B859-252C6791C46A}"
EndProject
Project("{FAE04EC0-301F-11D3-BF4B-00C04F79EFBC}") = "DALTests", "DALTests\DALTests.csproj", "{032F7566-065C-4C49-9A87-0987B83320A1}"
EndProject
Global
	GlobalSection(SolutionConfigurationPlatforms) = preSolution
		Debug|Any CPU = Debug|Any CPU
		Release|Any CPU = Release|Any CPU
	EndGlobalSection
	GlobalSection(ProjectConfigurationPlatforms) = postSolution
		{CFEF70BB-1383-4B73-A58C-1907A8FDDD18}.Debug|Any CPU.ActiveCfg = Debug|Any CPU
		{CFEF70BB-1383-4B73-A58C-1907A8FDDD18}.Debug|Any CPU.Build.0 = Debug|Any CPU
		{CFEF70BB-1383-4B73-A58C-1907A8FDDD18}.Release|Any CPU.ActiveCfg = Release|Any CPU
		{CFEF70BB-1383-4B73-A58C-1907A8FDDD18}.Release|Any CPU.Build.0 = Release|Any CPU
		{5BCCA858-3184-47CC-86DF-F584FEB8B31B}.Debug|Any CPU.ActiveCfg = Debug|Any CPU
		{5BCCA858-3184-47CC-86DF-F584FEB8B31B}.Debug|Any CPU.Build.0 = Debug|Any CPU
		{5BCCA858-3184-47CC-86DF-F584FEB8B31B}.Release|Any CPU.ActiveCfg = Release|Any CPU
		{5BCCA858-3184-47CC-86DF-F584FEB8B31B}.Release|Any CPU.Build.0 = Release|Any CPU
		{4FF5374A-AF56-4AC6-9A2C-FA3871CF99C2}.Debug|Any CPU.ActiveCfg = Debug|Any CPU
		{4FF5374A-AF56-4AC6-9A2C-FA3871CF99C2}.Debug|Any CPU.Build.0 = Debug|Any CPU
		{4FF5374A-AF56-4AC6-9A2C-FA3871CF99C2}.Release|Any CPU.ActiveCfg = Release|Any CPU
		{4FF5374A-AF56-4AC6-9A2C-FA3871CF99C2}.Release|Any CPU.Build.0 = Release|Any CPU
		{144F167F-37A9-4FF1-B859-252C6791C46A}.Debug|Any CPU.ActiveCfg = Debug|Any CPU
		{144F167F-37A9-4FF1-B859-252C6791C46A}.Debug|Any CPU.Build.0 = Debug|Any CPU
		{144F167F-37A9-4FF1-B859-252C6791C46A}.Release|Any CPU.ActiveCfg = Release|Any CPU
		{144F167F-37A9-4FF1-B859-252C6791C46A}.Release|Any CPU.Build.0 = Release|Any CPU
		{032F7566-065C-4C49-9A87-0987B83320A1}.Debug|Any CPU.ActiveCfg = Debug|Any CPU
		{032F7566-065C-4C49-9A87-0987B83320A1}.Debug|Any CPU.Build.0 = Debug|Any CPU
		{032F7566-065C-4C49-9A87-0987B83320A1}.Release|Any CPU.ActiveCfg = Release|Any CPU
		{032F7566-065C-4C49-9A87-0987B83320A1}.Release|Any CPU.Build.0 = Release|Any CPU
	EndGlobalSection
	GlobalSection(SolutionProperties) = preSolution
		HideSolutionNode = FALSE
	EndGlobalSection
	GlobalSection(ExtensibilityGlobals) = postSolution
		SolutionGuid = {7734B5C0-72C5-4398-B57F-DD8537B0D243}
	EndGlobalSection
EndGlobal
